
Microsoft Visual Studio Solution File, Format Version 12.00
# Visual Studio Version 17
VisualStudioVersion = 17.10.35122.118
MinimumVisualStudioVersion = 10.0.40219.1
Project("{FAE04EC0-301F-11D3-BF4B-00C04F79EFBC}") = "TodoList", "TodoList.csproj", "{77DFF3F2-DC62-47D8-8564-F1C36314D9D6}"
EndProject
Global
	GlobalSection(SolutionConfigurationPlatforms) = preSolution
		Debug|Any CPU = Debug|Any CPU
		Release|Any CPU = Release|Any CPU
	EndGlobalSection
	GlobalSection(ProjectConfigurationPlatforms) = postSolution
		{77DFF3F2-DC62-47D8-8564-F1C36314D9D6}.Debug|Any CPU.ActiveCfg = Debug|Any CPU
		{77DFF3F2-DC62-47D8-8564-F1C36314D9D6}.Debug|Any CPU.Build.0 = Debug|Any CPU
		{77DFF3F2-DC62-47D8-8564-F1C36314D9D6}.Debug|Any CPU.Deploy.0 = Debug|Any CPU
		{77DFF3F2-DC62-47D8-8564-F1C36314D9D6}.Release|Any CPU.ActiveCfg = Release|Any CPU
		{77DFF3F2-DC62-47D8-8564-F1C36314D9D6}.Release|Any CPU.Build.0 = Release|Any CPU
		{77DFF3F2-DC62-47D8-8564-F1C36314D9D6}.Release|Any CPU.Deploy.0 = Release|Any CPU
	EndGlobalSection
	GlobalSection(SolutionProperties) = preSolution
		HideSolutionNode = FALSE
	EndGlobalSection
	GlobalSection(ExtensibilityGlobals) = postSolution
		SolutionGuid = {F351DA83-4FEA-4032-AD4D-6EB384BE3A60}
	EndGlobalSection
EndGlobal
